
Microsoft Visual Studio Solution File, Format Version 12.00
# Visual Studio 15
VisualStudioVersion = 15.0.28307.1382
MinimumVisualStudioVersion = 10.0.40219.1
Project("{FAE04EC0-301F-11D3-BF4B-00C04F79EFBC}") = "CordovaWindows", "CordovaWindows\CordovaWindows.csproj", "{386C4D88-25F4-49F3-BC0C-3875ABFD4498}"
EndProject
Global
	GlobalSection(SolutionConfigurationPlatforms) = preSolution
		Debug|Any CPU = Debug|Any CPU
		Release|Any CPU = Release|Any CPU
	EndGlobalSection
	GlobalSection(ProjectConfigurationPlatforms) = postSolution
		{386C4D88-25F4-49F3-BC0C-3875ABFD4498}.Debug|Any CPU.ActiveCfg = Debug|Any CPU
		{386C4D88-25F4-49F3-BC0C-3875ABFD4498}.Debug|Any CPU.Build.0 = Debug|Any CPU
		{386C4D88-25F4-49F3-BC0C-3875ABFD4498}.Release|Any CPU.ActiveCfg = Release|Any CPU
		{386C4D88-25F4-49F3-BC0C-3875ABFD4498}.Release|Any CPU.Build.0 = Release|Any CPU
	EndGlobalSection
	GlobalSection(SolutionProperties) = preSolution
		HideSolutionNode = FALSE
	EndGlobalSection
	GlobalSection(ExtensibilityGlobals) = postSolution
		SolutionGuid = {E3FCE9E6-082B-4525-A4E7-B50E33487838}
	EndGlobalSection
EndGlobal
